
Microsoft Visual Studio Solution File, Format Version 12.00
# Visual Studio Version 17
VisualStudioVersion = 17.4.33205.214
MinimumVisualStudioVersion = 10.0.40219.1
Project("{FAE04EC0-301F-11D3-BF4B-00C04F79EFBC}") = "Server", "Server\Server.csproj", "{6518F5C2-CD6A-4920-AF61-DA3567627BA6}"
EndProject
Project("{FAE04EC0-301F-11D3-BF4B-00C04F79EFBC}") = "Client", "Client\Client.csproj", "{AED473E3-2476-4EC5-BAE8-A68F57967E05}"
EndProject
Global
	GlobalSection(SolutionConfigurationPlatforms) = preSolution
		Debug|Any CPU = Debug|Any CPU
		Release|Any CPU = Release|Any CPU
	EndGlobalSection
	GlobalSection(ProjectConfigurationPlatforms) = postSolution
		{6518F5C2-CD6A-4920-AF61-DA3567627BA6}.Debug|Any CPU.ActiveCfg = Debug|Any CPU
		{6518F5C2-CD6A-4920-AF61-DA3567627BA6}.Debug|Any CPU.Build.0 = Debug|Any CPU
		{6518F5C2-CD6A-4920-AF61-DA3567627BA6}.Release|Any CPU.ActiveCfg = Release|Any CPU
		{6518F5C2-CD6A-4920-AF61-DA3567627BA6}.Release|Any CPU.Build.0 = Release|Any CPU
		{AED473E3-2476-4EC5-BAE8-A68F57967E05}.Debug|Any CPU.ActiveCfg = Debug|Any CPU
		{AED473E3-2476-4EC5-BAE8-A68F57967E05}.Debug|Any CPU.Build.0 = Debug|Any CPU
		{AED473E3-2476-4EC5-BAE8-A68F57967E05}.Release|Any CPU.ActiveCfg = Release|Any CPU
		{AED473E3-2476-4EC5-BAE8-A68F57967E05}.Release|Any CPU.Build.0 = Release|Any CPU
	EndGlobalSection
	GlobalSection(SolutionProperties) = preSolution
		HideSolutionNode = FALSE
	EndGlobalSection
	GlobalSection(ExtensibilityGlobals) = postSolution
		SolutionGuid = {3F66C15B-488B-4EC3-8289-1E6CE8A1B74A}
	EndGlobalSection
EndGlobal
